
Microsoft Visual Studio Solution File, Format Version 11.00
# Visual Studio 2010
Project("{8BC9CEB8-8B4A-11D0-8D11-00A0C91BC942}") = "game4-15", "game4-15\game4-15.vcxproj", "{C1EE74F8-EB90-46B8-BF78-2A4EC234D28B}"
EndProject
Global
	GlobalSection(SolutionConfigurationPlatforms) = preSolution
		Debug|Win32 = Debug|Win32
		Release|Win32 = Release|Win32
	EndGlobalSection
	GlobalSection(ProjectConfigurationPlatforms) = postSolution
		{C1EE74F8-EB90-46B8-BF78-2A4EC234D28B}.Debug|Win32.ActiveCfg = Debug|Win32
		{C1EE74F8-EB90-46B8-BF78-2A4EC234D28B}.Debug|Win32.Build.0 = Debug|Win32
		{C1EE74F8-EB90-46B8-BF78-2A4EC234D28B}.Release|Win32.ActiveCfg = Release|Win32
		{C1EE74F8-EB90-46B8-BF78-2A4EC234D28B}.Release|Win32.Build.0 = Release|Win32
	EndGlobalSection
	GlobalSection(SolutionProperties) = preSolution
		HideSolutionNode = FALSE
	EndGlobalSection
EndGlobal
